// !$*UTF8*$!
{
	archiveVersion = 1;
	classes = {
	};
	objectVersion = 46;
	objects = {

/* Begin PBXBuildFile section */
		BA7FA37C1B47EE3900AB397D /* PatentController.swift in Sources */ = {isa = PBXBuildFile; fileRef = BA7FA37B1B47EE3900AB397D /* PatentController.swift */; };
		BA7FA37E1B47F7F900AB397D /* Patent.storyboard in Resources */ = {isa = PBXBuildFile; fileRef = BA7FA37D1B47F7F900AB397D /* Patent.storyboard */; };
		BA7FA3801B480FBF00AB397D /* WebController.swift in Sources */ = {isa = PBXBuildFile; fileRef = BA7FA37F1B480FBF00AB397D /* WebController.swift */; };
		BA7FA3821B48E20100AB397D /* PhotoController.swift in Sources */ = {isa = PBXBuildFile; fileRef = BA7FA3811B48E20100AB397D /* PhotoController.swift */; };
		BA9A52101B47ADC60052E4A8 /* AppDelegate.swift in Sources */ = {isa = PBXBuildFile; fileRef = BA9A520F1B47ADC60052E4A8 /* AppDelegate.swift */; };
		BA9A52121B47ADC60052E4A8 /* ViewController.swift in Sources */ = {isa = PBXBuildFile; fileRef = BA9A52111B47ADC60052E4A8 /* ViewController.swift */; };
		BA9A52151B47ADC60052E4A8 /* Main.storyboard in Resources */ = {isa = PBXBuildFile; fileRef = BA9A52131B47ADC60052E4A8 /* Main.storyboard */; };
		BA9A52171B47ADC60052E4A8 /* Images.xcassets in Resources */ = {isa = PBXBuildFile; fileRef = BA9A52161B47ADC60052E4A8 /* Images.xcassets */; };
		BA9A521A1B47ADC60052E4A8 /* LaunchScreen.xib in Resources */ = {isa = PBXBuildFile; fileRef = BA9A52181B47ADC60052E4A8 /* LaunchScreen.xib */; };
		BA9A52261B47ADC60052E4A8 /* IPSearcherTests.swift in Sources */ = {isa = PBXBuildFile; fileRef = BA9A52251B47ADC60052E4A8 /* IPSearcherTests.swift */; };
		BA9A52381B47ADEF0052E4A8 /* GradientExtension.swift in Sources */ = {isa = PBXBuildFile; fileRef = BA9A522F1B47ADEF0052E4A8 /* GradientExtension.swift */; };
		BA9A52391B47ADEF0052E4A8 /* HospitalController.swift in Sources */ = {isa = PBXBuildFile; fileRef = BA9A52301B47ADEF0052E4A8 /* HospitalController.swift */; };
		BA9A523A1B47ADEF0052E4A8 /* HospitalModel.swift in Sources */ = {isa = PBXBuildFile; fileRef = BA9A52311B47ADEF0052E4A8 /* HospitalModel.swift */; };
		BA9A523C1B47ADEF0052E4A8 /* NavController.swift in Sources */ = {isa = PBXBuildFile; fileRef = BA9A52331B47ADEF0052E4A8 /* NavController.swift */; };
		BA9A523D1B47ADEF0052E4A8 /* Photo.storyboard in Resources */ = {isa = PBXBuildFile; fileRef = BA9A52341B47ADEF0052E4A8 /* Photo.storyboard */; };
		BA9A523F1B47ADEF0052E4A8 /* ServicesController.swift in Sources */ = {isa = PBXBuildFile; fileRef = BA9A52361B47ADEF0052E4A8 /* ServicesController.swift */; };
		BA9A52401B47ADEF0052E4A8 /* UIColorExtension.swift in Sources */ = {isa = PBXBuildFile; fileRef = BA9A52371B47ADEF0052E4A8 /* UIColorExtension.swift */; };
		BA9A52421B47AE2D0052E4A8 /* SwiftyJSON.framework in Frameworks */ = {isa = PBXBuildFile; fileRef = BA9A52411B47AE2D0052E4A8 /* SwiftyJSON.framework */; };
		BA9A52461B47AE4E0052E4A8 /* SVProgressHUD.framework in Frameworks */ = {isa = PBXBuildFile; fileRef = BA9A52451B47AE4E0052E4A8 /* SVProgressHUD.framework */; };
		BA9A52481B47AE5F0052E4A8 /* Alamofire.framework in Frameworks */ = {isa = PBXBuildFile; fileRef = BA9A52471B47AE5F0052E4A8 /* Alamofire.framework */; };
		BA9A52491B47AECF0052E4A8 /* Alamofire.framework in Frameworks */ = {isa = PBXBuildFile; fileRef = BA9A52471B47AE5F0052E4A8 /* Alamofire.framework */; };
		BA9A524A1B47AECF0052E4A8 /* Alamofire.framework in Embed Frameworks */ = {isa = PBXBuildFile; fileRef = BA9A52471B47AE5F0052E4A8 /* Alamofire.framework */; settings = {ATTRIBUTES = (CodeSignOnCopy, RemoveHeadersOnCopy, ); }; };
		BA9A524C1B47AED10052E4A8 /* SVProgressHUD.framework in Frameworks */ = {isa = PBXBuildFile; fileRef = BA9A52451B47AE4E0052E4A8 /* SVProgressHUD.framework */; };
		BA9A524D1B47AED10052E4A8 /* SVProgressHUD.framework in Embed Frameworks */ = {isa = PBXBuildFile; fileRef = BA9A52451B47AE4E0052E4A8 /* SVProgressHUD.framework */; settings = {ATTRIBUTES = (CodeSignOnCopy, RemoveHeadersOnCopy, ); }; };
		BA9A524E1B47AED40052E4A8 /* SwiftyJSON.framework in Frameworks */ = {isa = PBXBuildFile; fileRef = BA9A52411B47AE2D0052E4A8 /* SwiftyJSON.framework */; };
		BA9A524F1B47AED40052E4A8 /* SwiftyJSON.framework in Embed Frameworks */ = {isa = PBXBuildFile; fileRef = BA9A52411B47AE2D0052E4A8 /* SwiftyJSON.framework */; settings = {ATTRIBUTES = (CodeSignOnCopy, RemoveHeadersOnCopy, ); }; };
/* End PBXBuildFile section */

/* Begin PBXContainerItemProxy section */
		BA9A52201B47ADC60052E4A8 /* PBXContainerItemProxy */ = {
			isa = PBXContainerItemProxy;
			containerPortal = BA9A52021B47ADC60052E4A8 /* Project object */;
			proxyType = 1;
			remoteGlobalIDString = BA9A52091B47ADC60052E4A8;
			remoteInfo = IPSearcher;
		};
/* End PBXContainerItemProxy section */

/* Begin PBXCopyFilesBuildPhase section */
		BA9A524B1B47AED00052E4A8 /* Embed Frameworks */ = {
			isa = PBXCopyFilesBuildPhase;
			buildActionMask = 2147483647;
			dstPath = "";
			dstSubfolderSpec = 10;
			files = (
				BA9A524D1B47AED10052E4A8 /* SVProgressHUD.framework in Embed Frameworks */,
				BA9A524A1B47AECF0052E4A8 /* Alamofire.framework in Embed Frameworks */,
				BA9A524F1B47AED40052E4A8 /* SwiftyJSON.framework in Embed Frameworks */,
			);
			name = "Embed Frameworks";
			runOnlyForDeploymentPostprocessing = 0;
		};
/* End PBXCopyFilesBuildPhase section */

/* Begin PBXFileReference section */
		BA7FA37B1B47EE3900AB397D /* PatentController.swift */ = {isa = PBXFileReference; fileEncoding = 4; lastKnownFileType = sourcecode.swift; path = PatentController.swift; sourceTree = "<group>"; };
		BA7FA37D1B47F7F900AB397D /* Patent.storyboard */ = {isa = PBXFileReference; fileEncoding = 4; lastKnownFileType = file.storyboard; path = Patent.storyboard; sourceTree = "<group>"; };
		BA7FA37F1B480FBF00AB397D /* WebController.swift */ = {isa = PBXFileReference; fileEncoding = 4; lastKnownFileType = sourcecode.swift; path = WebController.swift; sourceTree = "<group>"; };
		BA7FA3811B48E20100AB397D /* PhotoController.swift */ = {isa = PBXFileReference; fileEncoding = 4; lastKnownFileType = sourcecode.swift; path = PhotoController.swift; sourceTree = "<group>"; };
		BA9A520A1B47ADC60052E4A8 /* IPSearcher.app */ = {isa = PBXFileReference; explicitFileType = wrapper.application; includeInIndex = 0; path = IPSearcher.app; sourceTree = BUILT_PRODUCTS_DIR; };
		BA9A520E1B47ADC60052E4A8 /* Info.plist */ = {isa = PBXFileReference; lastKnownFileType = text.plist.xml; path = Info.plist; sourceTree = "<group>"; };
		BA9A520F1B47ADC60052E4A8 /* AppDelegate.swift */ = {isa = PBXFileReference; lastKnownFileType = sourcecode.swift; path = AppDelegate.swift; sourceTree = "<group>"; };
		BA9A52111B47ADC60052E4A8 /* ViewController.swift */ = {isa = PBXFileReference; lastKnownFileType = sourcecode.swift; path = ViewController.swift; sourceTree = "<group>"; };
		BA9A52141B47ADC60052E4A8 /* Base */ = {isa = PBXFileReference; lastKnownFileType = file.storyboard; name = Base; path = Base.lproj/Main.storyboard; sourceTree = "<group>"; };
		BA9A52161B47ADC60052E4A8 /* Images.xcassets */ = {isa = PBXFileReference; lastKnownFileType = folder.assetcatalog; path = Images.xcassets; sourceTree = "<group>"; };
		BA9A52191B47ADC60052E4A8 /* Base */ = {isa = PBXFileReference; lastKnownFileType = file.xib; name = Base; path = Base.lproj/LaunchScreen.xib; sourceTree = "<group>"; };
		BA9A521F1B47ADC60052E4A8 /* IPSearcherTests.xctest */ = {isa = PBXFileReference; explicitFileType = wrapper.cfbundle; includeInIndex = 0; path = IPSearcherTests.xctest; sourceTree = BUILT_PRODUCTS_DIR; };
		BA9A52241B47ADC60052E4A8 /* Info.plist */ = {isa = PBXFileReference; lastKnownFileType = text.plist.xml; path = Info.plist; sourceTree = "<group>"; };
		BA9A52251B47ADC60052E4A8 /* IPSearcherTests.swift */ = {isa = PBXFileReference; lastKnownFileType = sourcecode.swift; path = IPSearcherTests.swift; sourceTree = "<group>"; };
		BA9A522F1B47ADEF0052E4A8 /* GradientExtension.swift */ = {isa = PBXFileReference; fileEncoding = 4; lastKnownFileType = sourcecode.swift; path = GradientExtension.swift; sourceTree = "<group>"; };
		BA9A52301B47ADEF0052E4A8 /* HospitalController.swift */ = {isa = PBXFileReference; fileEncoding = 4; lastKnownFileType = sourcecode.swift; path = HospitalController.swift; sourceTree = "<group>"; };
		BA9A52311B47ADEF0052E4A8 /* HospitalModel.swift */ = {isa = PBXFileReference; fileEncoding = 4; lastKnownFileType = sourcecode.swift; path = HospitalModel.swift; sourceTree = "<group>"; };
		BA9A52331B47ADEF0052E4A8 /* NavController.swift */ = {isa = PBXFileReference; fileEncoding = 4; lastKnownFileType = sourcecode.swift; path = NavController.swift; sourceTree = "<group>"; };
		BA9A52341B47ADEF0052E4A8 /* Photo.storyboard */ = {isa = PBXFileReference; fileEncoding = 4; lastKnownFileType = file.storyboard; path = Photo.storyboard; sourceTree = "<group>"; };
		BA9A52361B47ADEF0052E4A8 /* ServicesController.swift */ = {isa = PBXFileReference; fileEncoding = 4; lastKnownFileType = sourcecode.swift; path = ServicesController.swift; sourceTree = "<group>"; };
		BA9A52371B47ADEF0052E4A8 /* UIColorExtension.swift */ = {isa = PBXFileReference; fileEncoding = 4; lastKnownFileType = sourcecode.swift; path = UIColorExtension.swift; sourceTree = "<group>"; };
		BA9A52411B47AE2D0052E4A8 /* SwiftyJSON.framework */ = {isa = PBXFileReference; lastKnownFileType = wrapper.framework; name = SwiftyJSON.framework; path = Carthage/Build/iOS/SwiftyJSON.framework; sourceTree = "<group>"; };
		BA9A52451B47AE4E0052E4A8 /* SVProgressHUD.framework */ = {isa = PBXFileReference; lastKnownFileType = wrapper.framework; name = SVProgressHUD.framework; path = Carthage/Build/iOS/SVProgressHUD.framework; sourceTree = "<group>"; };
		BA9A52471B47AE5F0052E4A8 /* Alamofire.framework */ = {isa = PBXFileReference; lastKnownFileType = wrapper.framework; name = Alamofire.framework; path = Carthage/Build/iOS/Alamofire.framework; sourceTree = "<group>"; };
/* End PBXFileReference section */

/* Begin PBXFrameworksBuildPhase section */
		BA9A52071B47ADC60052E4A8 /* Frameworks */ = {
			isa = PBXFrameworksBuildPhase;
			buildActionMask = 2147483647;
			files = (
				BA9A52481B47AE5F0052E4A8 /* Alamofire.framework in Frameworks */,
				BA9A524C1B47AED10052E4A8 /* SVProgressHUD.framework in Frameworks */,
				BA9A524E1B47AED40052E4A8 /* SwiftyJSON.framework in Frameworks */,
				BA9A52461B47AE4E0052E4A8 /* SVProgressHUD.framework in Frameworks */,
				BA9A52421B47AE2D0052E4A8 /* SwiftyJSON.framework in Frameworks */,
				BA9A52491B47AECF0052E4A8 /* Alamofire.framework in Frameworks */,
			);
			runOnlyForDeploymentPostprocessing = 0;
		};
		BA9A521C1B47ADC60052E4A8 /* Frameworks */ = {
			isa = PBXFrameworksBuildPhase;
			buildActionMask = 2147483647;
			files = (
			);
			runOnlyForDeploymentPostprocessing = 0;
		};
/* End PBXFrameworksBuildPhase section */

/* Begin PBXGroup section */
		BA9A52011B47ADC60052E4A8 = {
			isa = PBXGroup;
			children = (
				BA9A52471B47AE5F0052E4A8 /* Alamofire.framework */,
				BA9A52451B47AE4E0052E4A8 /* SVProgressHUD.framework */,
				BA9A52411B47AE2D0052E4A8 /* SwiftyJSON.framework */,
				BA9A520C1B47ADC60052E4A8 /* IPSearcher */,
				BA9A52221B47ADC60052E4A8 /* IPSearcherTests */,
				BA9A520B1B47ADC60052E4A8 /* Products */,
			);
			sourceTree = "<group>";
		};
		BA9A520B1B47ADC60052E4A8 /* Products */ = {
			isa = PBXGroup;
			children = (
				BA9A520A1B47ADC60052E4A8 /* IPSearcher.app */,
				BA9A521F1B47ADC60052E4A8 /* IPSearcherTests.xctest */,
			);
			name = Products;
			sourceTree = "<group>";
		};
		BA9A520C1B47ADC60052E4A8 /* IPSearcher */ = {
			isa = PBXGroup;
			children = (
				BA9A522F1B47ADEF0052E4A8 /* GradientExtension.swift */,
				BA9A52301B47ADEF0052E4A8 /* HospitalController.swift */,
				BA7FA3811B48E20100AB397D /* PhotoController.swift */,
				BA9A52311B47ADEF0052E4A8 /* HospitalModel.swift */,
				BA9A52331B47ADEF0052E4A8 /* NavController.swift */,
				BA9A52341B47ADEF0052E4A8 /* Photo.storyboard */,
				BA9A52361B47ADEF0052E4A8 /* ServicesController.swift */,
				BA9A52371B47ADEF0052E4A8 /* UIColorExtension.swift */,
				BA9A520F1B47ADC60052E4A8 /* AppDelegate.swift */,
				BA9A52111B47ADC60052E4A8 /* ViewController.swift */,
				BA9A52131B47ADC60052E4A8 /* Main.storyboard */,
				BA9A52161B47ADC60052E4A8 /* Images.xcassets */,
				BA9A52181B47ADC60052E4A8 /* LaunchScreen.xib */,
				BA9A520D1B47ADC60052E4A8 /* Supporting Files */,
				BA7FA37B1B47EE3900AB397D /* PatentController.swift */,
				BA7FA37D1B47F7F900AB397D /* Patent.storyboard */,
				BA7FA37F1B480FBF00AB397D /* WebController.swift */,
			);
			path = IPSearcher;
			sourceTree = "<group>";
		};
		BA9A520D1B47ADC60052E4A8 /* Supporting Files */ = {
			isa = PBXGroup;
			children = (
				BA9A520E1B47ADC60052E4A8 /* Info.plist */,
			);
			name = "Supporting Files";
			sourceTree = "<group>";
		};
		BA9A52221B47ADC60052E4A8 /* IPSearcherTests */ = {
			isa = PBXGroup;
			children = (
				BA9A52251B47ADC60052E4A8 /* IPSearcherTests.swift */,
				BA9A52231B47ADC60052E4A8 /* Supporting Files */,
			);
			path = IPSearcherTests;
			sourceTree = "<group>";
		};
		BA9A52231B47ADC60052E4A8 /* Supporting Files */ = {
			isa = PBXGroup;
			children = (
				BA9A52241B47ADC60052E4A8 /* Info.plist */,
			);
			name = "Supporting Files";
			sourceTree = "<group>";
		};
/* End PBXGroup section */

/* Begin PBXNativeTarget section */
		BA9A52091B47ADC60052E4A8 /* IPSearcher */ = {
			isa = PBXNativeTarget;
			buildConfigurationList = BA9A52291B47ADC60052E4A8 /* Build configuration list for PBXNativeTarget "IPSearcher" */;
			buildPhases = (
				BA9A52061B47ADC60052E4A8 /* Sources */,
				BA9A52071B47ADC60052E4A8 /* Frameworks */,
				BA9A52081B47ADC60052E4A8 /* Resources */,
				BA9A524B1B47AED00052E4A8 /* Embed Frameworks */,
			);
			buildRules = (
			);
			dependencies = (
			);
			name = IPSearcher;
			productName = IPSearcher;
			productReference = BA9A520A1B47ADC60052E4A8 /* IPSearcher.app */;
			productType = "com.apple.product-type.application";
		};
		BA9A521E1B47ADC60052E4A8 /* IPSearcherTests */ = {
			isa = PBXNativeTarget;
			buildConfigurationList = BA9A522C1B47ADC60052E4A8 /* Build configuration list for PBXNativeTarget "IPSearcherTests" */;
			buildPhases = (
				BA9A521B1B47ADC60052E4A8 /* Sources */,
				BA9A521C1B47ADC60052E4A8 /* Frameworks */,
				BA9A521D1B47ADC60052E4A8 /* Resources */,
			);
			buildRules = (
			);
			dependencies = (
				BA9A52211B47ADC60052E4A8 /* PBXTargetDependency */,
			);
			name = IPSearcherTests;
			productName = IPSearcherTests;
			productReference = BA9A521F1B47ADC60052E4A8 /* IPSearcherTests.xctest */;
			productType = "com.apple.product-type.bundle.unit-test";
		};
/* End PBXNativeTarget section */

/* Begin PBXProject section */
		BA9A52021B47ADC60052E4A8 /* Project object */ = {
			isa = PBXProject;
			attributes = {
				LastUpgradeCheck = 0640;
				ORGANIZATIONNAME = Kieran;
				TargetAttributes = {
					BA9A52091B47ADC60052E4A8 = {
						CreatedOnToolsVersion = 6.4;
						DevelopmentTeam = AZ3795GA6H;
					};
					BA9A521E1B47ADC60052E4A8 = {
						CreatedOnToolsVersion = 6.4;
						TestTargetID = BA9A52091B47ADC60052E4A8;
					};
				};
			};
			buildConfigurationList = BA9A52051B47ADC60052E4A8 /* Build configuration list for PBXProject "IPSearcher" */;
			compatibilityVersion = "Xcode 3.2";
			developmentRegion = English;
			hasScannedForEncodings = 0;
			knownRegions = (
				en,
				Base,
			);
			mainGroup = BA9A52011B47ADC60052E4A8;
			productRefGroup = BA9A520B1B47ADC60052E4A8 /* Products */;
			projectDirPath = "";
			projectRoot = "";
			targets = (
				BA9A52091B47ADC60052E4A8 /* IPSearcher */,
				BA9A521E1B47ADC60052E4A8 /* IPSearcherTests */,
			);
		};
/* End PBXProject section */

/* Begin PBXResourcesBuildPhase section */
		BA9A52081B47ADC60052E4A8 /* Resources */ = {
			isa = PBXResourcesBuildPhase;
			buildActionMask = 2147483647;
			files = (
				BA7FA37E1B47F7F900AB397D /* Patent.storyboard in Resources */,
				BA9A52151B47ADC60052E4A8 /* Main.storyboard in Resources */,
				BA9A523D1B47ADEF0052E4A8 /* Photo.storyboard in Resources */,
				BA9A521A1B47ADC60052E4A8 /* LaunchScreen.xib in Resources */,
				BA9A52171B47ADC60052E4A8 /* Images.xcassets in Resources */,
			);
			runOnlyForDeploymentPostprocessing = 0;
		};
		BA9A521D1B47ADC60052E4A8 /* Resources */ = {
			isa = PBXResourcesBuildPhase;
			buildActionMask = 2147483647;
			files = (
			);
			runOnlyForDeploymentPostprocessing = 0;
		};
/* End PBXResourcesBuildPhase section */

/* Begin PBXSourcesBuildPhase section */
		BA9A52061B47ADC60052E4A8 /* Sources */ = {
			isa = PBXSourcesBuildPhase;
			buildActionMask = 2147483647;
			files = (
				BA9A52121B47ADC60052E4A8 /* ViewController.swift in Sources */,
				BA9A52381B47ADEF0052E4A8 /* GradientExtension.swift in Sources */,
				BA9A523A1B47ADEF0052E4A8 /* HospitalModel.swift in Sources */,
				BA9A523F1B47ADEF0052E4A8 /* ServicesController.swift in Sources */,
				BA9A52401B47ADEF0052E4A8 /* UIColorExtension.swift in Sources */,
				BA7FA3821B48E20100AB397D /* PhotoController.swift in Sources */,
				BA7FA3801B480FBF00AB397D /* WebController.swift in Sources */,
				BA9A52101B47ADC60052E4A8 /* AppDelegate.swift in Sources */,
				BA9A52391B47ADEF0052E4A8 /* HospitalController.swift in Sources */,
				BA9A523C1B47ADEF0052E4A8 /* NavController.swift in Sources */,
				BA7FA37C1B47EE3900AB397D /* PatentController.swift in Sources */,
			);
			runOnlyForDeploymentPostprocessing = 0;
		};
		BA9A521B1B47ADC60052E4A8 /* Sources */ = {
			isa = PBXSourcesBuildPhase;
			buildActionMask = 2147483647;
			files = (
				BA9A52261B47ADC60052E4A8 /* IPSearcherTests.swift in Sources */,
			);
			runOnlyForDeploymentPostprocessing = 0;
		};
/* End PBXSourcesBuildPhase section */

/* Begin PBXTargetDependency section */
		BA9A52211B47ADC60052E4A8 /* PBXTargetDependency */ = {
			isa = PBXTargetDependency;
			target = BA9A52091B47ADC60052E4A8 /* IPSearcher */;
			targetProxy = BA9A52201B47ADC60052E4A8 /* PBXContainerItemProxy */;
		};
/* End PBXTargetDependency section */

/* Begin PBXVariantGroup section */
		BA9A52131B47ADC60052E4A8 /* Main.storyboard */ = {
			isa = PBXVariantGroup;
			children = (
				BA9A52141B47ADC60052E4A8 /* Base */,
			);
			name = Main.storyboard;
			sourceTree = "<group>";
		};
		BA9A52181B47ADC60052E4A8 /* LaunchScreen.xib */ = {
			isa = PBXVariantGroup;
			children = (
				BA9A52191B47ADC60052E4A8 /* Base */,
			);
			name = LaunchScreen.xib;
			sourceTree = "<group>";
		};
/* End PBXVariantGroup section */

/* Begin XCBuildConfiguration section */
		BA9A52271B47ADC60052E4A8 /* Debug */ = {
			isa = XCBuildConfiguration;
			buildSettings = {
				ALWAYS_SEARCH_USER_PATHS = NO;
				CLANG_CXX_LANGUAGE_STANDARD = "gnu++0x";
				CLANG_CXX_LIBRARY = "libc++";
				CLANG_ENABLE_MODULES = YES;
				CLANG_ENABLE_OBJC_ARC = YES;
				CLANG_WARN_BOOL_CONVERSION = YES;
				CLANG_WARN_CONSTANT_CONVERSION = YES;
				CLANG_WARN_DIRECT_OBJC_ISA_USAGE = YES_ERROR;
				CLANG_WARN_EMPTY_BODY = YES;
				CLANG_WARN_ENUM_CONVERSION = YES;
				CLANG_WARN_INT_CONVERSION = YES;
				CLANG_WARN_OBJC_ROOT_CLASS = YES_ERROR;
				CLANG_WARN_UNREACHABLE_CODE = YES;
				CLANG_WARN__DUPLICATE_METHOD_MATCH = YES;
				"CODE_SIGN_IDENTITY[sdk=iphoneos*]" = "iPhone Developer";
				COPY_PHASE_STRIP = NO;
				DEBUG_INFORMATION_FORMAT = "dwarf-with-dsym";
				ENABLE_STRICT_OBJC_MSGSEND = YES;
				GCC_C_LANGUAGE_STANDARD = gnu99;
				GCC_DYNAMIC_NO_PIC = NO;
				GCC_NO_COMMON_BLOCKS = YES;
				GCC_OPTIMIZATION_LEVEL = 0;
				GCC_PREPROCESSOR_DEFINITIONS = (
					"DEBUG=1",
					"$(inherited)",
				);
				GCC_SYMBOLS_PRIVATE_EXTERN = NO;
				GCC_WARN_64_TO_32_BIT_CONVERSION = YES;
				GCC_WARN_ABOUT_RETURN_TYPE = YES_ERROR;
				GCC_WARN_UNDECLARED_SELECTOR = YES;
				GCC_WARN_UNINITIALIZED_AUTOS = YES_AGGRESSIVE;
				GCC_WARN_UNUSED_FUNCTION = YES;
				GCC_WARN_UNUSED_VARIABLE = YES;
				IPHONEOS_DEPLOYMENT_TARGET = 8.4;
				MTL_ENABLE_DEBUG_INFO = YES;
				ONLY_ACTIVE_ARCH = YES;
				SDKROOT = iphoneos;
				SWIFT_OPTIMIZATION_LEVEL = "-Onone";
				TARGETED_DEVICE_FAMILY = "1,2";
			};
			name = Debug;
		};
		BA9A52281B47ADC60052E4A8 /* Release */ = {
			isa = XCBuildConfiguration;
			buildSettings = {
				ALWAYS_SEARCH_USER_PATHS = NO;
				CLANG_CXX_LANGUAGE_STANDARD = "gnu++0x";
				CLANG_CXX_LIBRARY = "libc++";
				CLANG_ENABLE_MODULES = YES;
				CLANG_ENABLE_OBJC_ARC = YES;
				CLANG_WARN_BOOL_CONVERSION = YES;
				CLANG_WARN_CONSTANT_CONVERSION = YES;
				CLANG_WARN_DIRECT_OBJC_ISA_USAGE = YES_ERROR;
				CLANG_WARN_EMPTY_BODY = YES;
				CLANG_WARN_ENUM_CONVERSION = YES;
				CLANG_WARN_INT_CONVERSION = YES;
				CLANG_WARN_OBJC_ROOT_CLASS = YES_ERROR;
				CLANG_WARN_UNREACHABLE_CODE = YES;
				CLANG_WARN__DUPLICATE_METHOD_MATCH = YES;
				"CODE_SIGN_IDENTITY[sdk=iphoneos*]" = "iPhone Developer";
				COPY_PHASE_STRIP = NO;
				DEBUG_INFORMATION_FORMAT = "dwarf-with-dsym";
				ENABLE_NS_ASSERTIONS = NO;
				ENABLE_STRICT_OBJC_MSGSEND = YES;
				GCC_C_LANGUAGE_STANDARD = gnu99;
				GCC_NO_COMMON_BLOCKS = YES;
				GCC_WARN_64_TO_32_BIT_CONVERSION = YES;
				GCC_WARN_ABOUT_RETURN_TYPE = YES_ERROR;
				GCC_WARN_UNDECLARED_SELECTOR = YES;
				GCC_WARN_UNINITIALIZED_AUTOS = YES_AGGRESSIVE;
				GCC_WARN_UNUSED_FUNCTION = YES;
				GCC_WARN_UNUSED_VARIABLE = YES;
				IPHONEOS_DEPLOYMENT_TARGET = 8.4;
				MTL_ENABLE_DEBUG_INFO = NO;
				SDKROOT = iphoneos;
				TARGETED_DEVICE_FAMILY = "1,2";
				VALIDATE_PRODUCT = YES;
			};
			name = Release;
		};
		BA9A522A1B47ADC60052E4A8 /* Debug */ = {
			isa = XCBuildConfiguration;
			buildSettings = {
				ASSETCATALOG_COMPILER_APPICON_NAME = AppIcon;
				CODE_SIGN_IDENTITY = "iPhone Developer";
				"CODE_SIGN_IDENTITY[sdk=iphoneos*]" = "iPhone Developer";
				FRAMEWORK_SEARCH_PATHS = (
					"$(inherited)",
					"$(PROJECT_DIR)/Carthage/Build/iOS",
				);
				INFOPLIST_FILE = IPSearcher/Info.plist;
				IPHONEOS_DEPLOYMENT_TARGET = 8.0;
				LD_RUNPATH_SEARCH_PATHS = "$(inherited) @executable_path/Frameworks";
				PRODUCT_NAME = "$(TARGET_NAME)";
				PROVISIONING_PROFILE = "";
			};
			name = Debug;
		};
		BA9A522B1B47ADC60052E4A8 /* Release */ = {
			isa = XCBuildConfiguration;
			buildSettings = {
				ASSETCATALOG_COMPILER_APPICON_NAME = AppIcon;
				CODE_SIGN_IDENTITY = "iPhone Developer";
				"CODE_SIGN_IDENTITY[sdk=iphoneos*]" = "iPhone Developer";
				FRAMEWORK_SEARCH_PATHS = (
					"$(inherited)",
					"$(PROJECT_DIR)/Carthage/Build/iOS",
				);
				INFOPLIST_FILE = IPSearcher/Info.plist;
				IPHONEOS_DEPLOYMENT_TARGET = 8.0;
				LD_RUNPATH_SEARCH_PATHS = "$(inherited) @executable_path/Frameworks";
				PRODUCT_NAME = "$(TARGET_NAME)";
				PROVISIONING_PROFILE = "";
			};
			name = Release;
		};
		BA9A522D1B47ADC60052E4A8 /* Debug */ = {
			isa = XCBuildConfiguration;
			buildSettings = {
				BUNDLE_LOADER = "$(TEST_HOST)";
				FRAMEWORK_SEARCH_PATHS = (
					"$(SDKROOT)/Developer/Library/Frameworks",
					"$(inherited)",
				);
				GCC_PREPROCESSOR_DEFINITIONS = (
					"DEBUG=1",
					"$(inherited)",
				);
				INFOPLIST_FILE = IPSearcherTests/Info.plist;
				LD_RUNPATH_SEARCH_PATHS = "$(inherited) @executable_path/Frameworks @loader_path/Frameworks";
				PRODUCT_NAME = "$(TARGET_NAME)";
				TEST_HOST = "$(BUILT_PRODUCTS_DIR)/IPSearcher.app/IPSearcher";
			};
			name = Debug;
		};
		BA9A522E1B47ADC60052E4A8 /* Release */ = {
			isa = XCBuildConfiguration;
			buildSettings = {
				BUNDLE_LOADER = "$(TEST_HOST)";
				FRAMEWORK_SEARCH_PATHS = (
					"$(SDKROOT)/Developer/Library/Frameworks",
					"$(inherited)",
				);
				INFOPLIST_FILE = IPSearcherTests/Info.plist;
				LD_RUNPATH_SEARCH_PATHS = "$(inherited) @executable_path/Frameworks @loader_path/Frameworks";
				PRODUCT_NAME = "$(TARGET_NAME)";
				TEST_HOST = "$(BUILT_PRODUCTS_DIR)/IPSearcher.app/IPSearcher";
			};
			name = Release;
		};
/* End XCBuildConfiguration section */

/* Begin XCConfigurationList section */
		BA9A52051B47ADC60052E4A8 /* Build configuration list for PBXProject "IPSearcher" */ = {
			isa = XCConfigurationList;
			buildConfigurations = (
				BA9A52271B47ADC60052E4A8 /* Debug */,
				BA9A52281B47ADC60052E4A8 /* Release */,
			);
			defaultConfigurationIsVisible = 0;
			defaultConfigurationName = Release;
		};
		BA9A52291B47ADC60052E4A8 /* Build configuration list for PBXNativeTarget "IPSearcher" */ = {
			isa = XCConfigurationList;
			buildConfigurations = (
				BA9A522A1B47ADC60052E4A8 /* Debug */,
				BA9A522B1B47ADC60052E4A8 /* Release */,
			);
			defaultConfigurationIsVisible = 0;
			defaultConfigurationName = Release;
		};
		BA9A522C1B47ADC60052E4A8 /* Build configuration list for PBXNativeTarget "IPSearcherTests" */ = {
			isa = XCConfigurationList;
			buildConfigurations = (
				BA9A522D1B47ADC60052E4A8 /* Debug */,
				BA9A522E1B47ADC60052E4A8 /* Release */,
			);
			defaultConfigurationIsVisible = 0;
			defaultConfigurationName = Release;
		};
/* End XCConfigurationList section */
	};
	rootObject = BA9A52021B47ADC60052E4A8 /* Project object */;
}
